PODS:
  - AAPageController (1.1.0):
    - SnapKit
  - SnapKit (4.2.0)

DEPENDENCIES:
  - AAPageController (from `/Users/cztv/Documents/Git/AAPageController`)

SPEC REPOS:
  https://github.com/cocoapods/specs.git:
    - SnapKit

EXTERNAL SOURCES:
  AAPageController:
    :path: "/Users/cztv/Documents/Git/AAPageController"

SPEC CHECKSUMS:
  AAPageController: e22ab4eb576e45c9829c97283f4c5ca13e1d0737
  SnapKit: fe8a619752f3f27075cc9a90244d75c6c3f27e2a

PODFILE CHECKSUM: 51a8501e63cc88c1b6b03aa7e63d3c7fb2c88115

COCOAPODS: 1.7.5
